// !$*UTF8*$!
{
	archiveVersion = 1;
	classes = {
	};
	objectVersion = 50;
	objects = {

/* Begin PBXBuildFile section */
		0972F7A96CF0F3C8A2192E40 /* Pods_CoronaCentral.framework in Frameworks */ = {isa = PBXBuildFile; fileRef = BC585234B446AF25BB4300C5 /* Pods_CoronaCentral.framework */; };
		2CEB03BB2544ACA600D65BC9 /* AppDelegate.swift in Sources */ = {isa = PBXBuildFile; fileRef = 2CEB03BA2544ACA600D65BC9 /* AppDelegate.swift */; };
		2CEB03BD2544ACA600D65BC9 /* SceneDelegate.swift in Sources */ = {isa = PBXBuildFile; fileRef = 2CEB03BC2544ACA600D65BC9 /* SceneDelegate.swift */; };
		2CEB03BF2544ACA600D65BC9 /* ViewController.swift in Sources */ = {isa = PBXBuildFile; fileRef = 2CEB03BE2544ACA600D65BC9 /* ViewController.swift */; };
		2CEB03C22544ACA600D65BC9 /* Main.storyboard in Resources */ = {isa = PBXBuildFile; fileRef = 2CEB03C02544ACA600D65BC9 /* Main.storyboard */; };
		2CEB03C52544ACA600D65BC9 /* CoronaCentral.xcdatamodeld in Sources */ = {isa = PBXBuildFile; fileRef = 2CEB03C32544ACA600D65BC9 /* CoronaCentral.xcdatamodeld */; };
		2CEB03C72544ACA700D65BC9 /* Assets.xcassets in Resources */ = {isa = PBXBuildFile; fileRef = 2CEB03C62544ACA700D65BC9 /* Assets.xcassets */; };
		2CEB03CA2544ACA700D65BC9 /* LaunchScreen.storyboard in Resources */ = {isa = PBXBuildFile; fileRef = 2CEB03C82544ACA700D65BC9 /* LaunchScreen.storyboard */; };
		2CEB03D22544AED300D65BC9 /* AuthViewController.swift in Sources */ = {isa = PBXBuildFile; fileRef = 2CEB03D12544AED300D65BC9 /* AuthViewController.swift */; };
		2CEB03D42544B8BE00D65BC9 /* SignUpViewController.swift in Sources */ = {isa = PBXBuildFile; fileRef = 2CEB03D32544B8BE00D65BC9 /* SignUpViewController.swift */; };
		2CEB03D62544C6F800D65BC9 /* GoogleService-Info.plist in Resources */ = {isa = PBXBuildFile; fileRef = 2CEB03D52544C6F800D65BC9 /* GoogleService-Info.plist */; };
/* End PBXBuildFile section */

/* Begin PBXFileReference section */
		2CEB03B72544ACA600D65BC9 /* CoronaCentral.app */ = {isa = PBXFileReference; explicitFileType = wrapper.application; includeInIndex = 0; path = CoronaCentral.app; sourceTree = BUILT_PRODUCTS_DIR; };
		2CEB03BA2544ACA600D65BC9 /* AppDelegate.swift */ = {isa = PBXFileReference; lastKnownFileType = sourcecode.swift; path = AppDelegate.swift; sourceTree = "<group>"; };
		2CEB03BC2544ACA600D65BC9 /* SceneDelegate.swift */ = {isa = PBXFileReference; lastKnownFileType = sourcecode.swift; path = SceneDelegate.swift; sourceTree = "<group>"; };
		2CEB03BE2544ACA600D65BC9 /* ViewController.swift */ = {isa = PBXFileReference; lastKnownFileType = sourcecode.swift; path = ViewController.swift; sourceTree = "<group>"; };
		2CEB03C12544ACA600D65BC9 /* Base */ = {isa = PBXFileReference; lastKnownFileType = file.storyboard; name = Base; path = Base.lproj/Main.storyboard; sourceTree = "<group>"; };
		2CEB03C42544ACA600D65BC9 /* CoronaCentral.xcdatamodel */ = {isa = PBXFileReference; lastKnownFileType = wrapper.xcdatamodel; path = CoronaCentral.xcdatamodel; sourceTree = "<group>"; };
		2CEB03C62544ACA700D65BC9 /* Assets.xcassets */ = {isa = PBXFileReference; lastKnownFileType = folder.assetcatalog; path = Assets.xcassets; sourceTree = "<group>"; };
		2CEB03C92544ACA700D65BC9 /* Base */ = {isa = PBXFileReference; lastKnownFileType = file.storyboard; name = Base; path = Base.lproj/LaunchScreen.storyboard; sourceTree = "<group>"; };
		2CEB03CB2544ACA700D65BC9 /* Info.plist */ = {isa = PBXFileReference; lastKnownFileType = text.plist.xml; path = Info.plist; sourceTree = "<group>"; };
		2CEB03D12544AED300D65BC9 /* AuthViewController.swift */ = {isa = PBXFileReference; lastKnownFileType = sourcecode.swift; path = AuthViewController.swift; sourceTree = "<group>"; };
		2CEB03D32544B8BE00D65BC9 /* SignUpViewController.swift */ = {isa = PBXFileReference; lastKnownFileType = sourcecode.swift; path = SignUpViewController.swift; sourceTree = "<group>"; };
		2CEB03D52544C6F800D65BC9 /* GoogleService-Info.plist */ = {isa = PBXFileReference; lastKnownFileType = text.plist; path = "GoogleService-Info.plist"; sourceTree = SOURCE_ROOT; };
		B4897EC7F116BAE864A93F30 /* Pods-CoronaCentral.release.xcconfig */ = {isa = PBXFileReference; includeInIndex = 1; lastKnownFileType = text.xcconfig; name = "Pods-CoronaCentral.release.xcconfig"; path = "Target Support Files/Pods-CoronaCentral/Pods-CoronaCentral.release.xcconfig"; sourceTree = "<group>"; };
		BC585234B446AF25BB4300C5 /* Pods_CoronaCentral.framework */ = {isa = PBXFileReference; explicitFileType = wrapper.framework; includeInIndex = 0; path = Pods_CoronaCentral.framework; sourceTree = BUILT_PRODUCTS_DIR; };
		DD8C6B95E72C7881831D006C /* Pods-CoronaCentral.debug.xcconfig */ = {isa = PBXFileReference; includeInIndex = 1; lastKnownFileType = text.xcconfig; name = "Pods-CoronaCentral.debug.xcconfig"; path = "Target Support Files/Pods-CoronaCentral/Pods-CoronaCentral.debug.xcconfig"; sourceTree = "<group>"; };
/* End PBXFileReference section */

/* Begin PBXFrameworksBuildPhase section */
		2CEB03B42544ACA600D65BC9 /* Frameworks */ = {
			isa = PBXFrameworksBuildPhase;
			buildActionMask = 2147483647;
			files = (
				0972F7A96CF0F3C8A2192E40 /* Pods_CoronaCentral.framework in Frameworks */,
			);
			runOnlyForDeploymentPostprocessing = 0;
		};
/* End PBXFrameworksBuildPhase section */

/* Begin PBXGroup section */
		2CEB03AE2544ACA600D65BC9 = {
			isa = PBXGroup;
			children = (
				2CEB03B92544ACA600D65BC9 /* CoronaCentral */,
				2CEB03B82544ACA600D65BC9 /* Products */,
				B2879F5606279451832DBD9B /* Pods */,
				38F8DA114A3D82C956E01FB9 /* Frameworks */,
			);
			sourceTree = "<group>";
		};
		2CEB03B82544ACA600D65BC9 /* Products */ = {
			isa = PBXGroup;
			children = (
				2CEB03B72544ACA600D65BC9 /* CoronaCentral.app */,
			);
			name = Products;
			sourceTree = "<group>";
		};
		2CEB03B92544ACA600D65BC9 /* CoronaCentral */ = {
			isa = PBXGroup;
			children = (
				2CEB03BA2544ACA600D65BC9 /* AppDelegate.swift */,
				2CEB03BC2544ACA600D65BC9 /* SceneDelegate.swift */,
				2CEB03BE2544ACA600D65BC9 /* ViewController.swift */,
				2CEB03C02544ACA600D65BC9 /* Main.storyboard */,
				2CEB03C62544ACA700D65BC9 /* Assets.xcassets */,
				2CEB03C82544ACA700D65BC9 /* LaunchScreen.storyboard */,
				2CEB03CB2544ACA700D65BC9 /* Info.plist */,
				2CEB03C32544ACA600D65BC9 /* CoronaCentral.xcdatamodeld */,
				2CEB03D12544AED300D65BC9 /* AuthViewController.swift */,
				2CEB03D52544C6F800D65BC9 /* GoogleService-Info.plist */,
				2CEB03D32544B8BE00D65BC9 /* SignUpViewController.swift */,
			);
			path = CoronaCentral;
			sourceTree = "<group>";
		};
		38F8DA114A3D82C956E01FB9 /* Frameworks */ = {
			isa = PBXGroup;
			children = (
				BC585234B446AF25BB4300C5 /* Pods_CoronaCentral.framework */,
			);
			name = Frameworks;
			sourceTree = "<group>";
		};
		B2879F5606279451832DBD9B /* Pods */ = {
			isa = PBXGroup;
			children = (
				DD8C6B95E72C7881831D006C /* Pods-CoronaCentral.debug.xcconfig */,
				B4897EC7F116BAE864A93F30 /* Pods-CoronaCentral.release.xcconfig */,
			);
			name = Pods;
			path = Pods;
			sourceTree = "<group>";
		};
/* End PBXGroup section */

/* Begin PBXNativeTarget section */
		2CEB03B62544ACA600D65BC9 /* CoronaCentral */ = {
			isa = PBXNativeTarget;
			buildConfigurationList = 2CEB03CE2544ACA700D65BC9 /* Build configuration list for PBXNativeTarget "CoronaCentral" */;
			buildPhases = (
				28954E875C196E4F8200DB39 /* [CP] Check Pods Manifest.lock */,
				2CEB03B32544ACA600D65BC9 /* Sources */,
				2CEB03B42544ACA600D65BC9 /* Frameworks */,
				2CEB03B52544ACA600D65BC9 /* Resources */,
				134FF7C03CDE57D9C75E9069 /* [CP] Embed Pods Frameworks */,
				CABB01FA20C339F9E28F521C /* [CP] Copy Pods Resources */,
			);
			buildRules = (
			);
			dependencies = (
			);
			name = CoronaCentral;
			productName = CoronaCentral;
			productReference = 2CEB03B72544ACA600D65BC9 /* CoronaCentral.app */;
			productType = "com.apple.product-type.application";
		};
/* End PBXNativeTarget section */

/* Begin PBXProject section */
		2CEB03AF2544ACA600D65BC9 /* Project object */ = {
			isa = PBXProject;
			attributes = {
				LastSwiftUpdateCheck = 1170;
				LastUpgradeCheck = 1170;
				ORGANIZATIONNAME = "Sujoy Purkayastha";
				TargetAttributes = {
					2CEB03B62544ACA600D65BC9 = {
						CreatedOnToolsVersion = 11.7;
					};
				};
			};
			buildConfigurationList = 2CEB03B22544ACA600D65BC9 /* Build configuration list for PBXProject "CoronaCentral" */;
			compatibilityVersion = "Xcode 9.3";
			developmentRegion = en;
			hasScannedForEncodings = 0;
			knownRegions = (
				en,
				Base,
			);
			mainGroup = 2CEB03AE2544ACA600D65BC9;
			productRefGroup = 2CEB03B82544ACA600D65BC9 /* Products */;
			projectDirPath = "";
			projectRoot = "";
			targets = (
				2CEB03B62544ACA600D65BC9 /* CoronaCentral */,
			);
		};
/* End PBXProject section */

/* Begin PBXResourcesBuildPhase section */
		2CEB03B52544ACA600D65BC9 /* Resources */ = {
			isa = PBXResourcesBuildPhase;
			buildActionMask = 2147483647;
			files = (
				2CEB03CA2544ACA700D65BC9 /* LaunchScreen.storyboard in Resources */,
				2CEB03D62544C6F800D65BC9 /* GoogleService-Info.plist in Resources */,
				2CEB03C72544ACA700D65BC9 /* Assets.xcassets in Resources */,
				2CEB03C22544ACA600D65BC9 /* Main.storyboard in Resources */,
			);
			runOnlyForDeploymentPostprocessing = 0;
		};
/* End PBXResourcesBuildPhase section */

/* Begin PBXShellScriptBuildPhase section */
		134FF7C03CDE57D9C75E9069 /* [CP] Embed Pods Frameworks */ = {
			isa = PBXShellScriptBuildPhase;
			buildActionMask = 2147483647;
			files = (
			);
			inputFileListPaths = (
				"${PODS_ROOT}/Target Support Files/Pods-CoronaCentral/Pods-CoronaCentral-frameworks-${CONFIGURATION}-input-files.xcfilelist",
			);
			name = "[CP] Embed Pods Frameworks";
			outputFileListPaths = (
				"${PODS_ROOT}/Target Support Files/Pods-CoronaCentral/Pods-CoronaCentral-frameworks-${CONFIGURATION}-output-files.xcfilelist",
			);
			runOnlyForDeploymentPostprocessing = 0;
			shellPath = /bin/sh;
			shellScript = "\"${PODS_ROOT}/Target Support Files/Pods-CoronaCentral/Pods-CoronaCentral-frameworks.sh\"\n";
			showEnvVarsInLog = 0;
		};
		28954E875C196E4F8200DB39 /* [CP] Check Pods Manifest.lock */ = {
			isa = PBXShellScriptBuildPhase;
			buildActionMask = 2147483647;
			files = (
			);
			inputFileListPaths = (
			);
			inputPaths = (
				"${PODS_PODFILE_DIR_PATH}/Podfile.lock",
				"${PODS_ROOT}/Manifest.lock",
			);
			name = "[CP] Check Pods Manifest.lock";
			outputFileListPaths = (
			);
			outputPaths = (
				"$(DERIVED_FILE_DIR)/Pods-CoronaCentral-checkManifestLockResult.txt",
			);
			runOnlyForDeploymentPostprocessing = 0;
			shellPath = /bin/sh;
			shellScript = "diff \"${PODS_PODFILE_DIR_PATH}/Podfile.lock\" \"${PODS_ROOT}/Manifest.lock\" > /dev/null\nif [ $? != 0 ] ; then\n    # print error to STDERR\n    echo \"error: The sandbox is not in sync with the Podfile.lock. Run 'pod install' or update your CocoaPods installation.\" >&2\n    exit 1\nfi\n# This output is used by Xcode 'outputs' to avoid re-running this script phase.\necho \"SUCCESS\" > \"${SCRIPT_OUTPUT_FILE_0}\"\n";
			showEnvVarsInLog = 0;
		};
		CABB01FA20C339F9E28F521C /* [CP] Copy Pods Resources */ = {
			isa = PBXShellScriptBuildPhase;
			buildActionMask = 2147483647;
			files = (
			);
			inputFileListPaths = (
				"${PODS_ROOT}/Target Support Files/Pods-CoronaCentral/Pods-CoronaCentral-resources-${CONFIGURATION}-input-files.xcfilelist",
			);
			name = "[CP] Copy Pods Resources";
			outputFileListPaths = (
				"${PODS_ROOT}/Target Support Files/Pods-CoronaCentral/Pods-CoronaCentral-resources-${CONFIGURATION}-output-files.xcfilelist",
			);
			runOnlyForDeploymentPostprocessing = 0;
			shellPath = /bin/sh;
			shellScript = "\"${PODS_ROOT}/Target Support Files/Pods-CoronaCentral/Pods-CoronaCentral-resources.sh\"\n";
			showEnvVarsInLog = 0;
		};
/* End PBXShellScriptBuildPhase section */

/* Begin PBXSourcesBuildPhase section */
		2CEB03B32544ACA600D65BC9 /* Sources */ = {
			isa = PBXSourcesBuildPhase;
			buildActionMask = 2147483647;
			files = (
				2CEB03D42544B8BE00D65BC9 /* SignUpViewController.swift in Sources */,
				2CEB03BF2544ACA600D65BC9 /* ViewController.swift in Sources */,
				2CEB03C52544ACA600D65BC9 /* CoronaCentral.xcdatamodeld in Sources */,
				2CEB03D22544AED300D65BC9 /* AuthViewController.swift in Sources */,
				2CEB03BB2544ACA600D65BC9 /* AppDelegate.swift in Sources */,
				2CEB03BD2544ACA600D65BC9 /* SceneDelegate.swift in Sources */,
			);
			runOnlyForDeploymentPostprocessing = 0;
		};
/* End PBXSourcesBuildPhase section */

/* Begin PBXVariantGroup section */
		2CEB03C02544ACA600D65BC9 /* Main.storyboard */ = {
			isa = PBXVariantGroup;
			children = (
				2CEB03C12544ACA600D65BC9 /* Base */,
			);
			name = Main.storyboard;
			sourceTree = "<group>";
		};
		2CEB03C82544ACA700D65BC9 /* LaunchScreen.storyboard */ = {
			isa = PBXVariantGroup;
			children = (
				2CEB03C92544ACA700D65BC9 /* Base */,
			);
			name = LaunchScreen.storyboard;
			sourceTree = "<group>";
		};
/* End PBXVariantGroup section */

/* Begin XCBuildConfiguration section */
		2CEB03CC2544ACA700D65BC9 /* Debug */ = {
			isa = XCBuildConfiguration;
			buildSettings = {
				ALWAYS_SEARCH_USER_PATHS = NO;
				CLANG_ANALYZER_NONNULL = YES;
				CLANG_ANALYZER_NUMBER_OBJECT_CONVERSION = YES_AGGRESSIVE;
				CLANG_CXX_LANGUAGE_STANDARD = "gnu++14";
				CLANG_CXX_LIBRARY = "libc++";
				CLANG_ENABLE_MODULES = YES;
				CLANG_ENABLE_OBJC_ARC = YES;
				CLANG_ENABLE_OBJC_WEAK = YES;
				CLANG_WARN_BLOCK_CAPTURE_AUTORELEASING = YES;
				CLANG_WARN_BOOL_CONVERSION = YES;
				CLANG_WARN_COMMA = YES;
				CLANG_WARN_CONSTANT_CONVERSION = YES;
				CLANG_WARN_DEPRECATED_OBJC_IMPLEMENTATIONS = YES;
				CLANG_WARN_DIRECT_OBJC_ISA_USAGE = YES_ERROR;
				CLANG_WARN_DOCUMENTATION_COMMENTS = YES;
				CLANG_WARN_EMPTY_BODY = YES;
				CLANG_WARN_ENUM_CONVERSION = YES;
				CLANG_WARN_INFINITE_RECURSION = YES;
				CLANG_WARN_INT_CONVERSION = YES;
				CLANG_WARN_NON_LITERAL_NULL_CONVERSION = YES;
				CLANG_WARN_OBJC_IMPLICIT_RETAIN_SELF = YES;
				CLANG_WARN_OBJC_LITERAL_CONVERSION = YES;
				CLANG_WARN_OBJC_ROOT_CLASS = YES_ERROR;
				CLANG_WARN_RANGE_LOOP_ANALYSIS = YES;
				CLANG_WARN_STRICT_PROTOTYPES = YES;
				CLANG_WARN_SUSPICIOUS_MOVE = YES;
				CLANG_WARN_UNGUARDED_AVAILABILITY = YES_AGGRESSIVE;
				CLANG_WARN_UNREACHABLE_CODE = YES;
				CLANG_WARN__DUPLICATE_METHOD_MATCH = YES;
				COPY_PHASE_STRIP = NO;
				DEBUG_INFORMATION_FORMAT = dwarf;
				ENABLE_STRICT_OBJC_MSGSEND = YES;
				ENABLE_TESTABILITY = YES;
				GCC_C_LANGUAGE_STANDARD = gnu11;
				GCC_DYNAMIC_NO_PIC = NO;
				GCC_NO_COMMON_BLOCKS = YES;
				GCC_OPTIMIZATION_LEVEL = 0;
				GCC_PREPROCESSOR_DEFINITIONS = (
					"DEBUG=1",
					"$(inherited)",
				);
				GCC_WARN_64_TO_32_BIT_CONVERSION = YES;
				GCC_WARN_ABOUT_RETURN_TYPE = YES_ERROR;
				GCC_WARN_UNDECLARED_SELECTOR = YES;
				GCC_WARN_UNINITIALIZED_AUTOS = YES_AGGRESSIVE;
				GCC_WARN_UNUSED_FUNCTION = YES;
				GCC_WARN_UNUSED_VARIABLE = YES;
				IPHONEOS_DEPLOYMENT_TARGET = 13.7;
				MTL_ENABLE_DEBUG_INFO = INCLUDE_SOURCE;
				MTL_FAST_MATH = YES;
				ONLY_ACTIVE_ARCH = YES;
				SDKROOT = iphoneos;
				SWIFT_ACTIVE_COMPILATION_CONDITIONS = DEBUG;
				SWIFT_OPTIMIZATION_LEVEL = "-Onone";
			};
			name = Debug;
		};
		2CEB03CD2544ACA700D65BC9 /* Release */ = {
			isa = XCBuildConfiguration;
			buildSettings = {
				ALWAYS_SEARCH_USER_PATHS = NO;
				CLANG_ANALYZER_NONNULL = YES;
				CLANG_ANALYZER_NUMBER_OBJECT_CONVERSION = YES_AGGRESSIVE;
				CLANG_CXX_LANGUAGE_STANDARD = "gnu++14";
				CLANG_CXX_LIBRARY = "libc++";
				CLANG_ENABLE_MODULES = YES;
				CLANG_ENABLE_OBJC_ARC = YES;
				CLANG_ENABLE_OBJC_WEAK = YES;
				CLANG_WARN_BLOCK_CAPTURE_AUTORELEASING = YES;
				CLANG_WARN_BOOL_CONVERSION = YES;
				CLANG_WARN_COMMA = YES;
				CLANG_WARN_CONSTANT_CONVERSION = YES;
				CLANG_WARN_DEPRECATED_OBJC_IMPLEMENTATIONS = YES;
				CLANG_WARN_DIRECT_OBJC_ISA_USAGE = YES_ERROR;
				CLANG_WARN_DOCUMENTATION_COMMENTS = YES;
				CLANG_WARN_EMPTY_BODY = YES;
				CLANG_WARN_ENUM_CONVERSION = YES;
				CLANG_WARN_INFINITE_RECURSION = YES;
				CLANG_WARN_INT_CONVERSION = YES;
				CLANG_WARN_NON_LITERAL_NULL_CONVERSION = YES;
				CLANG_WARN_OBJC_IMPLICIT_RETAIN_SELF = YES;
				CLANG_WARN_OBJC_LITERAL_CONVERSION = YES;
				CLANG_WARN_OBJC_ROOT_CLASS = YES_ERROR;
				CLANG_WARN_RANGE_LOOP_ANALYSIS = YES;
				CLANG_WARN_STRICT_PROTOTYPES = YES;
				CLANG_WARN_SUSPICIOUS_MOVE = YES;
				CLANG_WARN_UNGUARDED_AVAILABILITY = YES_AGGRESSIVE;
				CLANG_WARN_UNREACHABLE_CODE = YES;
				CLANG_WARN__DUPLICATE_METHOD_MATCH = YES;
				COPY_PHASE_STRIP = NO;
				DEBUG_INFORMATION_FORMAT = "dwarf-with-dsym";
				ENABLE_NS_ASSERTIONS = NO;
				ENABLE_STRICT_OBJC_MSGSEND = YES;
				GCC_C_LANGUAGE_STANDARD = gnu11;
				GCC_NO_COMMON_BLOCKS = YES;
				GCC_WARN_64_TO_32_BIT_CONVERSION = YES;
				GCC_WARN_ABOUT_RETURN_TYPE = YES_ERROR;
				GCC_WARN_UNDECLARED_SELECTOR = YES;
				GCC_WARN_UNINITIALIZED_AUTOS = YES_AGGRESSIVE;
				GCC_WARN_UNUSED_FUNCTION = YES;
				GCC_WARN_UNUSED_VARIABLE = YES;
				IPHONEOS_DEPLOYMENT_TARGET = 13.7;
				MTL_ENABLE_DEBUG_INFO = NO;
				MTL_FAST_MATH = YES;
				SDKROOT = iphoneos;
				SWIFT_COMPILATION_MODE = wholemodule;
				SWIFT_OPTIMIZATION_LEVEL = "-O";
				VALIDATE_PRODUCT = YES;
			};
			name = Release;
		};
		2CEB03CF2544ACA700D65BC9 /* Debug */ = {
			isa = XCBuildConfiguration;
			baseConfigurationReference = DD8C6B95E72C7881831D006C /* Pods-CoronaCentral.debug.xcconfig */;
			buildSettings = {
				ASSETCATALOG_COMPILER_APPICON_NAME = AppIcon;
				CODE_SIGN_STYLE = Automatic;
				DEVELOPMENT_TEAM = W5R3BX8WVT;
				INFOPLIST_FILE = CoronaCentral/Info.plist;
				LD_RUNPATH_SEARCH_PATHS = (
					"$(inherited)",
					"@executable_path/Frameworks",
				);
				PRODUCT_BUNDLE_IDENTIFIER = sujoyp.CoronaCentral;
				PRODUCT_NAME = "$(TARGET_NAME)";
				SWIFT_VERSION = 5.0;
				TARGETED_DEVICE_FAMILY = "1,2";
			};
			name = Debug;
		};
		2CEB03D02544ACA700D65BC9 /* Release */ = {
			isa = XCBuildConfiguration;
			baseConfigurationReference = B4897EC7F116BAE864A93F30 /* Pods-CoronaCentral.release.xcconfig */;
			buildSettings = {
				ASSETCATALOG_COMPILER_APPICON_NAME = AppIcon;
				CODE_SIGN_STYLE = Automatic;
				DEVELOPMENT_TEAM = W5R3BX8WVT;
				INFOPLIST_FILE = CoronaCentral/Info.plist;
				LD_RUNPATH_SEARCH_PATHS = (
					"$(inherited)",
					"@executable_path/Frameworks",
				);
				PRODUCT_BUNDLE_IDENTIFIER = sujoyp.CoronaCentral;
				PRODUCT_NAME = "$(TARGET_NAME)";
				SWIFT_VERSION = 5.0;
				TARGETED_DEVICE_FAMILY = "1,2";
			};
			name = Release;
		};
/* End XCBuildConfiguration section */

/* Begin XCConfigurationList section */
		2CEB03B22544ACA600D65BC9 /* Build configuration list for PBXProject "CoronaCentral" */ = {
			isa = XCConfigurationList;
			buildConfigurations = (
				2CEB03CC2544ACA700D65BC9 /* Debug */,
				2CEB03CD2544ACA700D65BC9 /* Release */,
			);
			defaultConfigurationIsVisible = 0;
			defaultConfigurationName = Release;
		};
		2CEB03CE2544ACA700D65BC9 /* Build configuration list for PBXNativeTarget "CoronaCentral" */ = {
			isa = XCConfigurationList;
			buildConfigurations = (
				2CEB03CF2544ACA700D65BC9 /* Debug */,
				2CEB03D02544ACA700D65BC9 /* Release */,
			);
			defaultConfigurationIsVisible = 0;
			defaultConfigurationName = Release;
		};
/* End XCConfigurationList section */

/* Begin XCVersionGroup section */
		2CEB03C32544ACA600D65BC9 /* CoronaCentral.xcdatamodeld */ = {
			isa = XCVersionGroup;
			children = (
				2CEB03C42544ACA600D65BC9 /* CoronaCentral.xcdatamodel */,
			);
			currentVersion = 2CEB03C42544ACA600D65BC9 /* CoronaCentral.xcdatamodel */;
			path = CoronaCentral.xcdatamodeld;
			sourceTree = "<group>";
			versionGroupType = wrapper.xcdatamodel;
		};
/* End XCVersionGroup section */
	};
	rootObject = 2CEB03AF2544ACA600D65BC9 /* Project object */;
}
